<?xml version="1.0" encoding="utf-8"?>
<Project ToolsVersion="4.0" xmlns="http://schemas.microsoft.com/developer/msbuild/2003">
  <ItemGroup>
    <Filter Include="Source Files">
      <UniqueIdentifier>{287bf970-7866-4b35-a3a8-1c54e362b249}</UniqueIdentifier>
      <Extensions>cpp;c;cxx;rc;def;r;odl;idl;hpj;bat</Extensions>
    </Filter>
    <Filter Include="Header Files">
      <UniqueIdentifier>{6ec44e51-6b65-4d2e-942f-e7dee09a13c0}</UniqueIdentifier>
      <Extensions>h;hpp;hxx;hm;inl</Extensions>
    </Filter>
    <Filter Include="Resource Files">
      <UniqueIdentifier>{3e2698b9-50e5-46bd-9be4-a2a78a3d8452}</UniqueIdentifier>
      <Extensions>ico;cur;bmp;dlg;rc2;rct;bin;rgs;gif;jpg;jpeg;jpe</Extensions>
    </Filter>
  </ItemGroup>
  <ItemGroup>
    <ClCompile Include="ATLListView.cpp">
      <Filter>Source Files</Filter>
    </ClCompile>
    <ClCompile Include="ColumnHeader.cpp">
      <Filter>Source Files</Filter>
    </ClCompile>
    <ClCompile Include="ColumnHeaders.cpp">
      <Filter>Source Files</Filter>
    </ClCompile>
    <ClCompile Include="ListControl.cpp">
      <Filter>Source Files</Filter>
    </ClCompile>
    <ClCompile Include="ListItem.cpp">
      <Filter>Source Files</Filter>
    </ClCompile>
    <ClCompile Include="ListSubItem.cpp">
      <Filter>Source Files</Filter>
    </ClCompile>
    <ClCompile Include="StdAfx.cpp">
      <Filter>Source Files</Filter>
    </ClCompile>
    <ClCompile Include="ListItems.cpp">
      <Filter>Source Files</Filter>
    </ClCompile>
    <ClCompile Include="InterfaceCollection.cpp">
      <Filter>Source Files</Filter>
    </ClCompile>
    <ClCompile Include="RedrawLock.cpp">
      <Filter>Source Files</Filter>
    </ClCompile>
    <ClCompile Include="SelItemCollection.cpp">
      <Filter>Source Files</Filter>
    </ClCompile>
    <ClCompile Include="ListSubItems.cpp">
      <Filter>Source Files</Filter>
    </ClCompile>
  </ItemGroup>
  <ItemGroup>
    <Midl Include="ATLListView.idl">
      <Filter>Source Files</Filter>
    </Midl>
  </ItemGroup>
  <ItemGroup>
    <ResourceCompile Include="ATLListView.rc">
      <Filter>Source Files</Filter>
    </ResourceCompile>
  </ItemGroup>
  <ItemGroup>
    <ClInclude Include="ColumnHeader.h">
      <Filter>Header Files</Filter>
    </ClInclude>
    <ClInclude Include="ColumnHeaders.h">
      <Filter>Header Files</Filter>
    </ClInclude>
    <ClInclude Include="ListControl.h">
      <Filter>Header Files</Filter>
    </ClInclude>
    <ClInclude Include="ListItem.h">
      <Filter>Header Files</Filter>
    </ClInclude>
    <ClInclude Include="ListSubItem.h">
      <Filter>Header Files</Filter>
    </ClInclude>
    <ClInclude Include="Resource.h">
      <Filter>Header Files</Filter>
    </ClInclude>
    <ClInclude Include="StdAfx.h">
      <Filter>Header Files</Filter>
    </ClInclude>
    <ClInclude Include="my.h">
      <Filter>Header Files</Filter>
    </ClInclude>
    <ClInclude Include="ATLListView.h">
      <Filter>Header Files</Filter>
    </ClInclude>
    <ClInclude Include="ListItems.h">
      <Filter>Header Files</Filter>
    </ClInclude>
    <ClInclude Include="my_disp_ids.h">
      <Filter>Header Files</Filter>
    </ClInclude>
    <ClInclude Include="my_flags.h">
      <Filter>Header Files</Filter>
    </ClInclude>
    <ClInclude Include="InterfaceCollection.h">
      <Filter>Header Files</Filter>
    </ClInclude>
    <ClInclude Include="VCUE_Collection.h">
      <Filter>Header Files</Filter>
    </ClInclude>
    <ClInclude Include="VCUE_Copy.h">
      <Filter>Header Files</Filter>
    </ClInclude>
    <ClInclude Include="VCUE_CopyString.h">
      <Filter>Header Files</Filter>
    </ClInclude>
    <ClInclude Include="RedrawLock.h">
      <Filter>Header Files</Filter>
    </ClInclude>
    <ClInclude Include="_IListControlEvents_CP.H">
      <Filter>Header Files</Filter>
    </ClInclude>
    <ClInclude Include="Stopwatch.h">
      <Filter>Header Files</Filter>
    </ClInclude>
    <ClInclude Include="NatSort.hpp">
      <Filter>Header Files</Filter>
    </ClInclude>
    <ClInclude Include="alphanum.hpp">
      <Filter>Header Files</Filter>
    </ClInclude>
    <ClInclude Include="my_cmp.h">
      <Filter>Header Files</Filter>
    </ClInclude>
    <ClInclude Include="myIListControl.h">
      <Filter>Header Files</Filter>
    </ClInclude>
    <ClInclude Include="selitemcollection.h">
      <Filter>Header Files</Filter>
    </ClInclude>
    <ClInclude Include="_IColumnHeaderEvents_CP.H">
      <Filter>Header Files</Filter>
    </ClInclude>
    <ClInclude Include="ListSubItems.h">
      <Filter>Header Files</Filter>
    </ClInclude>
  </ItemGroup>
  <ItemGroup>
    <CustomBuild Include="ATLListView.def">
      <Filter>Source Files</Filter>
    </CustomBuild>
    <CustomBuild Include="ColumnHeader.rgs">
      <Filter>Resource Files</Filter>
    </CustomBuild>
    <CustomBuild Include="ColumnHeaders.rgs">
      <Filter>Resource Files</Filter>
    </CustomBuild>
    <CustomBuild Include="listcont.bmp">
      <Filter>Resource Files</Filter>
    </CustomBuild>
    <CustomBuild Include="ListControl.rgs">
      <Filter>Resource Files</Filter>
    </CustomBuild>
    <CustomBuild Include="ListItem.rgs">
      <Filter>Resource Files</Filter>
    </CustomBuild>
    <CustomBuild Include="ListSubItem.rgs">
      <Filter>Resource Files</Filter>
    </CustomBuild>
    <CustomBuild Include="lv.bmp">
      <Filter>Resource Files</Filter>
    </CustomBuild>
    <CustomBuild Include="lv.rgs">
      <Filter>Resource Files</Filter>
    </CustomBuild>
  </ItemGroup>
  <ItemGroup>
    <Text Include="Fire_byRef_HOWTO.txt" />
  </ItemGroup>
</Project>